
Microsoft Visual Studio Solution File, Format Version 12.00
# Visual Studio Version 16
VisualStudioVersion = 16.0.29709.97
MinimumVisualStudioVersion = 10.0.40219.1
Project("{9A19103F-16F7-4668-BE54-9A1E7A4F7556}") = "WebAppJwt", "WebAppJwt\WebAppJwt.csproj", "{0A8F7124-62CB-4D50-AD90-53F0E7194CCC}"
EndProject
Global
	GlobalSection(SolutionConfigurationPlatforms) = preSolution
		Debug|Any CPU = Debug|Any CPU
		Debug|x64 = Debug|x64
		Debug|x86 = Debug|x86
		Release|Any CPU = Release|Any CPU
		Release|x64 = Release|x64
		Release|x86 = Release|x86
	EndGlobalSection
	GlobalSection(ProjectConfigurationPlatforms) = postSolution
		{0A8F7124-62CB-4D50-AD90-53F0E7194CCC}.Debug|Any CPU.ActiveCfg = Debug|Any CPU
		{0A8F7124-62CB-4D50-AD90-53F0E7194CCC}.Debug|Any CPU.Build.0 = Debug|Any CPU
		{0A8F7124-62CB-4D50-AD90-53F0E7194CCC}.Debug|x64.ActiveCfg = Debug|Any CPU
		{0A8F7124-62CB-4D50-AD90-53F0E7194CCC}.Debug|x64.Build.0 = Debug|Any CPU
		{0A8F7124-62CB-4D50-AD90-53F0E7194CCC}.Debug|x86.ActiveCfg = Debug|x86
		{0A8F7124-62CB-4D50-AD90-53F0E7194CCC}.Debug|x86.Build.0 = Debug|x86
		{0A8F7124-62CB-4D50-AD90-53F0E7194CCC}.Release|Any CPU.ActiveCfg = Release|Any CPU
		{0A8F7124-62CB-4D50-AD90-53F0E7194CCC}.Release|Any CPU.Build.0 = Release|Any CPU
		{0A8F7124-62CB-4D50-AD90-53F0E7194CCC}.Release|x64.ActiveCfg = Release|x64
		{0A8F7124-62CB-4D50-AD90-53F0E7194CCC}.Release|x64.Build.0 = Release|x64
		{0A8F7124-62CB-4D50-AD90-53F0E7194CCC}.Release|x86.ActiveCfg = Release|x86
		{0A8F7124-62CB-4D50-AD90-53F0E7194CCC}.Release|x86.Build.0 = Release|x86
	EndGlobalSection
	GlobalSection(SolutionProperties) = preSolution
		HideSolutionNode = FALSE
	EndGlobalSection
	GlobalSection(ExtensibilityGlobals) = postSolution
		SolutionGuid = {14F043CD-D66E-49D4-8C92-CDE7E18F83F3}
	EndGlobalSection
EndGlobal
